
Microsoft Visual Studio Solution File, Format Version 12.00
# Visual Studio Version 17
VisualStudioVersion = 17.5.33530.505
MinimumVisualStudioVersion = 10.0.40219.1
Project("{FAE04EC0-301F-11D3-BF4B-00C04F79EFBC}") = "OneSeatVehicle", "OneSeatVehicle.csproj", "{47633C92-64D4-4190-84AB-9007742F17D3}"
EndProject
Global
	GlobalSection(SolutionConfigurationPlatforms) = preSolution
		Debug|Any CPU = Debug|Any CPU
		Release|Any CPU = Release|Any CPU
	EndGlobalSection
	GlobalSection(ProjectConfigurationPlatforms) = postSolution
		{47633C92-64D4-4190-84AB-9007742F17D3}.Debug|Any CPU.ActiveCfg = Debug|Any CPU
		{47633C92-64D4-4190-84AB-9007742F17D3}.Debug|Any CPU.Build.0 = Debug|Any CPU
		{47633C92-64D4-4190-84AB-9007742F17D3}.Release|Any CPU.ActiveCfg = Release|Any CPU
		{47633C92-64D4-4190-84AB-9007742F17D3}.Release|Any CPU.Build.0 = Release|Any CPU
	EndGlobalSection
	GlobalSection(SolutionProperties) = preSolution
		HideSolutionNode = FALSE
	EndGlobalSection
	GlobalSection(ExtensibilityGlobals) = postSolution
		SolutionGuid = {B1785432-0299-4DB7-BE9C-4B9D4997FB71}
	EndGlobalSection
EndGlobal
